
Microsoft Visual Studio Solution File, Format Version 12.00
# Visual Studio Version 16
VisualStudioVersion = 16.0.34931.43
MinimumVisualStudioVersion = 10.0.40219.1
Project("{8BC9CEB8-8B4A-11D0-8D11-00A0C91BC942}") = "KRNL32", "KRNL32\KRNL32.vcxproj", "{21572318-EEF6-47A9-855E-A27FA9D369CA}"
	ProjectSection(ProjectDependencies) = postProject
		{62112020-7900-41F6-AE7B-B2A710ADAD1F} = {62112020-7900-41F6-AE7B-B2A710ADAD1F}
	EndProjectSection
EndProject
Project("{8BC9CEB8-8B4A-11D0-8D11-00A0C91BC942}") = "KRNL32_static", "KRNL32_static\KRNL32_static.vcxproj", "{62112020-7900-41F6-AE7B-B2A710ADAD1F}"
EndProject
Project("{8BC9CEB8-8B4A-11D0-8D11-00A0C91BC942}") = "NMS-Patcher", "NMS-Patcher\NMS-Patcher.vcxproj", "{38FDFC56-3F7B-4DEC-AB9C-C4133907A568}"
	ProjectSection(ProjectDependencies) = postProject
		{21572318-EEF6-47A9-855E-A27FA9D369CA} = {21572318-EEF6-47A9-855E-A27FA9D369CA}
	EndProjectSection
EndProject
Global
	GlobalSection(SolutionConfigurationPlatforms) = preSolution
		Debug|x64 = Debug|x64
		Debug|x86 = Debug|x86
		Release|x64 = Release|x64
		Release|x86 = Release|x86
	EndGlobalSection
	GlobalSection(ProjectConfigurationPlatforms) = postSolution
		{21572318-EEF6-47A9-855E-A27FA9D369CA}.Debug|x64.ActiveCfg = Debug|x64
		{21572318-EEF6-47A9-855E-A27FA9D369CA}.Debug|x86.ActiveCfg = Debug|Win32
		{21572318-EEF6-47A9-855E-A27FA9D369CA}.Release|x64.ActiveCfg = Release|x64
		{21572318-EEF6-47A9-855E-A27FA9D369CA}.Release|x86.ActiveCfg = Release|Win32
		{21572318-EEF6-47A9-855E-A27FA9D369CA}.Release|x86.Build.0 = Release|Win32
		{62112020-7900-41F6-AE7B-B2A710ADAD1F}.Debug|x64.ActiveCfg = Debug|x64
		{62112020-7900-41F6-AE7B-B2A710ADAD1F}.Debug|x86.ActiveCfg = Debug|Win32
		{62112020-7900-41F6-AE7B-B2A710ADAD1F}.Release|x64.ActiveCfg = Release|x64
		{62112020-7900-41F6-AE7B-B2A710ADAD1F}.Release|x86.ActiveCfg = Release|Win32
		{62112020-7900-41F6-AE7B-B2A710ADAD1F}.Release|x86.Build.0 = Release|Win32
		{38FDFC56-3F7B-4DEC-AB9C-C4133907A568}.Debug|x64.ActiveCfg = Debug|x64
		{38FDFC56-3F7B-4DEC-AB9C-C4133907A568}.Debug|x64.Build.0 = Debug|x64
		{38FDFC56-3F7B-4DEC-AB9C-C4133907A568}.Debug|x86.ActiveCfg = Debug|Win32
		{38FDFC56-3F7B-4DEC-AB9C-C4133907A568}.Debug|x86.Build.0 = Debug|Win32
		{38FDFC56-3F7B-4DEC-AB9C-C4133907A568}.Release|x64.ActiveCfg = Release|x64
		{38FDFC56-3F7B-4DEC-AB9C-C4133907A568}.Release|x64.Build.0 = Release|x64
		{38FDFC56-3F7B-4DEC-AB9C-C4133907A568}.Release|x86.ActiveCfg = Release|Win32
		{38FDFC56-3F7B-4DEC-AB9C-C4133907A568}.Release|x86.Build.0 = Release|Win32
	EndGlobalSection
	GlobalSection(SolutionProperties) = preSolution
		HideSolutionNode = FALSE
	EndGlobalSection
	GlobalSection(ExtensibilityGlobals) = postSolution
		SolutionGuid = {B44FA2CD-F136-469E-8025-891072CA05E9}
	EndGlobalSection
EndGlobal
